
Microsoft Visual Studio Solution File, Format Version 12.00
# Visual Studio Version 17
VisualStudioVersion = 17.9.34714.143
MinimumVisualStudioVersion = 10.0.40219.1
Project("{9A19103F-16F7-4668-BE54-9A1E7A4F7556}") = "Talabat", "Talabat\Talabat.csproj", "{530BF506-5A80-44B8-8763-52393DDAD19D}"
EndProject
Project("{FAE04EC0-301F-11D3-BF4B-00C04F79EFBC}") = "Talabat.Core", "Talabat.Core\Talabat.Core.csproj", "{E92702A6-D815-4B55-8B64-6DC48D5BA0E1}"
EndProject
Project("{FAE04EC0-301F-11D3-BF4B-00C04F79EFBC}") = "Talabat.Repository", "Talabat.Repository\Talabat.Repository.csproj", "{017CC281-00DB-44F0-877D-53A341E4B578}"
EndProject
Project("{FAE04EC0-301F-11D3-BF4B-00C04F79EFBC}") = "Talabat.Service", "Talabat.Services\Talabat.Service.csproj", "{C93FE3A1-DC34-42C2-BA2C-CF3AF67FA311}"
EndProject
Global
	GlobalSection(SolutionConfigurationPlatforms) = preSolution
		Debug|Any CPU = Debug|Any CPU
		Release|Any CPU = Release|Any CPU
	EndGlobalSection
	GlobalSection(ProjectConfigurationPlatforms) = postSolution
		{530BF506-5A80-44B8-8763-52393DDAD19D}.Debug|Any CPU.ActiveCfg = Debug|Any CPU
		{530BF506-5A80-44B8-8763-52393DDAD19D}.Debug|Any CPU.Build.0 = Debug|Any CPU
		{530BF506-5A80-44B8-8763-52393DDAD19D}.Release|Any CPU.ActiveCfg = Release|Any CPU
		{530BF506-5A80-44B8-8763-52393DDAD19D}.Release|Any CPU.Build.0 = Release|Any CPU
		{E92702A6-D815-4B55-8B64-6DC48D5BA0E1}.Debug|Any CPU.ActiveCfg = Debug|Any CPU
		{E92702A6-D815-4B55-8B64-6DC48D5BA0E1}.Debug|Any CPU.Build.0 = Debug|Any CPU
		{E92702A6-D815-4B55-8B64-6DC48D5BA0E1}.Release|Any CPU.ActiveCfg = Release|Any CPU
		{E92702A6-D815-4B55-8B64-6DC48D5BA0E1}.Release|Any CPU.Build.0 = Release|Any CPU
		{017CC281-00DB-44F0-877D-53A341E4B578}.Debug|Any CPU.ActiveCfg = Debug|Any CPU
		{017CC281-00DB-44F0-877D-53A341E4B578}.Debug|Any CPU.Build.0 = Debug|Any CPU
		{017CC281-00DB-44F0-877D-53A341E4B578}.Release|Any CPU.ActiveCfg = Release|Any CPU
		{017CC281-00DB-44F0-877D-53A341E4B578}.Release|Any CPU.Build.0 = Release|Any CPU
		{C93FE3A1-DC34-42C2-BA2C-CF3AF67FA311}.Debug|Any CPU.ActiveCfg = Debug|Any CPU
		{C93FE3A1-DC34-42C2-BA2C-CF3AF67FA311}.Debug|Any CPU.Build.0 = Debug|Any CPU
		{C93FE3A1-DC34-42C2-BA2C-CF3AF67FA311}.Release|Any CPU.ActiveCfg = Release|Any CPU
		{C93FE3A1-DC34-42C2-BA2C-CF3AF67FA311}.Release|Any CPU.Build.0 = Release|Any CPU
	EndGlobalSection
	GlobalSection(SolutionProperties) = preSolution
		HideSolutionNode = FALSE
	EndGlobalSection
	GlobalSection(ExtensibilityGlobals) = postSolution
		SolutionGuid = {0A68C8C0-667D-41CE-A28E-E6E9CC57F044}
	EndGlobalSection
EndGlobal
